
Microsoft Visual Studio Solution File, Format Version 12.00
# Visual Studio Version 16
VisualStudioVersion = 16.0.29613.14
MinimumVisualStudioVersion = 10.0.40219.1
Project("{FAE04EC0-301F-11D3-BF4B-00C04F79EFBC}") = "Exercise04", "Exercise04\Exercise04.csproj", "{187C43D0-6119-41B2-983D-D999762ED7FB}"
EndProject
Global
	GlobalSection(SolutionConfigurationPlatforms) = preSolution
		Debug|Any CPU = Debug|Any CPU
		Release|Any CPU = Release|Any CPU
	EndGlobalSection
	GlobalSection(ProjectConfigurationPlatforms) = postSolution
		{187C43D0-6119-41B2-983D-D999762ED7FB}.Debug|Any CPU.ActiveCfg = Debug|Any CPU
		{187C43D0-6119-41B2-983D-D999762ED7FB}.Debug|Any CPU.Build.0 = Debug|Any CPU
		{187C43D0-6119-41B2-983D-D999762ED7FB}.Release|Any CPU.ActiveCfg = Release|Any CPU
		{187C43D0-6119-41B2-983D-D999762ED7FB}.Release|Any CPU.Build.0 = Release|Any CPU
	EndGlobalSection
	GlobalSection(SolutionProperties) = preSolution
		HideSolutionNode = FALSE
	EndGlobalSection
	GlobalSection(ExtensibilityGlobals) = postSolution
		SolutionGuid = {7A39FFFD-76F6-4099-8D28-EEEC049B56CC}
	EndGlobalSection
EndGlobal
