
Microsoft Visual Studio Solution File, Format Version 12.00
# Visual Studio Version 16
VisualStudioVersion = 16.0.29613.14
MinimumVisualStudioVersion = 10.0.40219.1
Project("{FAE04EC0-301F-11D3-BF4B-00C04F79EFBC}") = "Chapter-03", "Chapter-03\Chapter-03.csproj", "{1BE61591-4AAF-49A0-B586-AB721B11A52D}"
EndProject
Global
	GlobalSection(SolutionConfigurationPlatforms) = preSolution
		Debug|Any CPU = Debug|Any CPU
		Release|Any CPU = Release|Any CPU
	EndGlobalSection
	GlobalSection(ProjectConfigurationPlatforms) = postSolution
		{1BE61591-4AAF-49A0-B586-AB721B11A52D}.Debug|Any CPU.ActiveCfg = Debug|Any CPU
		{1BE61591-4AAF-49A0-B586-AB721B11A52D}.Debug|Any CPU.Build.0 = Debug|Any CPU
		{1BE61591-4AAF-49A0-B586-AB721B11A52D}.Release|Any CPU.ActiveCfg = Release|Any CPU
		{1BE61591-4AAF-49A0-B586-AB721B11A52D}.Release|Any CPU.Build.0 = Release|Any CPU
	EndGlobalSection
	GlobalSection(SolutionProperties) = preSolution
		HideSolutionNode = FALSE
	EndGlobalSection
	GlobalSection(ExtensibilityGlobals) = postSolution
		SolutionGuid = {E94017E4-0E65-4837-83D3-2C6C3C758096}
	EndGlobalSection
EndGlobal
