
Microsoft Visual Studio Solution File, Format Version 12.00
# Visual Studio Version 16
VisualStudioVersion = 16.0.29613.14
MinimumVisualStudioVersion = 10.0.40219.1
Project("{FAE04EC0-301F-11D3-BF4B-00C04F79EFBC}") = "Instrumenting", "Instrumenting\Instrumenting.csproj", "{5551FD17-80BE-4710-B458-A9C6DDEAC85F}"
EndProject
Global
	GlobalSection(SolutionConfigurationPlatforms) = preSolution
		Debug|Any CPU = Debug|Any CPU
		Release|Any CPU = Release|Any CPU
	EndGlobalSection
	GlobalSection(ProjectConfigurationPlatforms) = postSolution
		{5551FD17-80BE-4710-B458-A9C6DDEAC85F}.Debug|Any CPU.ActiveCfg = Debug|Any CPU
		{5551FD17-80BE-4710-B458-A9C6DDEAC85F}.Debug|Any CPU.Build.0 = Debug|Any CPU
		{5551FD17-80BE-4710-B458-A9C6DDEAC85F}.Release|Any CPU.ActiveCfg = Release|Any CPU
		{5551FD17-80BE-4710-B458-A9C6DDEAC85F}.Release|Any CPU.Build.0 = Release|Any CPU
	EndGlobalSection
	GlobalSection(SolutionProperties) = preSolution
		HideSolutionNode = FALSE
	EndGlobalSection
	GlobalSection(ExtensibilityGlobals) = postSolution
		SolutionGuid = {349DD503-49BF-46B4-876D-B1E39D13D73B}
	EndGlobalSection
EndGlobal
