
Microsoft Visual Studio Solution File, Format Version 12.00
# Visual Studio Version 16
VisualStudioVersion = 16.0.29613.14
MinimumVisualStudioVersion = 10.0.40219.1
Project("{FAE04EC0-301F-11D3-BF4B-00C04F79EFBC}") = "PacktLibrary", "PacktLibrary\PacktLibrary.csproj", "{12C5221C-2154-4BDA-AB96-2509E2ABDEE4}"
EndProject
Global
	GlobalSection(SolutionConfigurationPlatforms) = preSolution
		Debug|Any CPU = Debug|Any CPU
		Release|Any CPU = Release|Any CPU
	EndGlobalSection
	GlobalSection(ProjectConfigurationPlatforms) = postSolution
		{12C5221C-2154-4BDA-AB96-2509E2ABDEE4}.Debug|Any CPU.ActiveCfg = Debug|Any CPU
		{12C5221C-2154-4BDA-AB96-2509E2ABDEE4}.Debug|Any CPU.Build.0 = Debug|Any CPU
		{12C5221C-2154-4BDA-AB96-2509E2ABDEE4}.Release|Any CPU.ActiveCfg = Release|Any CPU
		{12C5221C-2154-4BDA-AB96-2509E2ABDEE4}.Release|Any CPU.Build.0 = Release|Any CPU
	EndGlobalSection
	GlobalSection(SolutionProperties) = preSolution
		HideSolutionNode = FALSE
	EndGlobalSection
	GlobalSection(ExtensibilityGlobals) = postSolution
		SolutionGuid = {B5D2CD02-A163-47B1-812F-D5BECC543E4E}
	EndGlobalSection
EndGlobal
